
Microsoft Visual Studio Solution File, Format Version 12.00
# Visual Studio Version 16
VisualStudioVersion = 16.0.29519.87
MinimumVisualStudioVersion = 10.0.40219.1
Project("{FAE04EC0-301F-11D3-BF4B-00C04F79EFBC}") = "UploadAndCalc", "UploadAndCalc\UploadAndCalc.csproj", "{B36FE519-0D4C-4757-9283-0E626AE8351D}"
EndProject
Global
	GlobalSection(SolutionConfigurationPlatforms) = preSolution
		Debug|Any CPU = Debug|Any CPU
		Release|Any CPU = Release|Any CPU
	EndGlobalSection
	GlobalSection(ProjectConfigurationPlatforms) = postSolution
		{B36FE519-0D4C-4757-9283-0E626AE8351D}.Debug|Any CPU.ActiveCfg = Debug|Any CPU
		{B36FE519-0D4C-4757-9283-0E626AE8351D}.Debug|Any CPU.Build.0 = Debug|Any CPU
		{B36FE519-0D4C-4757-9283-0E626AE8351D}.Release|Any CPU.ActiveCfg = Release|Any CPU
		{B36FE519-0D4C-4757-9283-0E626AE8351D}.Release|Any CPU.Build.0 = Release|Any CPU
	EndGlobalSection
	GlobalSection(SolutionProperties) = preSolution
		HideSolutionNode = FALSE
	EndGlobalSection
	GlobalSection(ExtensibilityGlobals) = postSolution
		SolutionGuid = {3E71F4E5-5DFE-4BB1-A6DD-D1A14695C431}
	EndGlobalSection
EndGlobal
